
Microsoft Visual Studio Solution File, Format Version 12.00
# Visual Studio Version 16
VisualStudioVersion = 16.0.29418.71
MinimumVisualStudioVersion = 10.0.40219.1
Project("{FAE04EC0-301F-11D3-BF4B-00C04F79EFBC}") = "Bot", "Bot\Bot.csproj", "{8CCA18AC-37A6-443E-AB86-E3501790A503}"
EndProject
Project("{FAE04EC0-301F-11D3-BF4B-00C04F79EFBC}") = "Tests", "Tests\Tests.csproj", "{7282BAD7-5E16-4E15-9697-5B63C2CA8ED4}"
EndProject
Global
	GlobalSection(SolutionConfigurationPlatforms) = preSolution
		Debug|Any CPU = Debug|Any CPU
		Release|Any CPU = Release|Any CPU
	EndGlobalSection
	GlobalSection(ProjectConfigurationPlatforms) = postSolution
		{8CCA18AC-37A6-443E-AB86-E3501790A503}.Debug|Any CPU.ActiveCfg = Debug|Any CPU
		{8CCA18AC-37A6-443E-AB86-E3501790A503}.Debug|Any CPU.Build.0 = Debug|Any CPU
		{8CCA18AC-37A6-443E-AB86-E3501790A503}.Release|Any CPU.ActiveCfg = Release|Any CPU
		{8CCA18AC-37A6-443E-AB86-E3501790A503}.Release|Any CPU.Build.0 = Release|Any CPU
		{7282BAD7-5E16-4E15-9697-5B63C2CA8ED4}.Debug|Any CPU.ActiveCfg = Debug|Any CPU
		{7282BAD7-5E16-4E15-9697-5B63C2CA8ED4}.Debug|Any CPU.Build.0 = Debug|Any CPU
		{7282BAD7-5E16-4E15-9697-5B63C2CA8ED4}.Release|Any CPU.ActiveCfg = Release|Any CPU
		{7282BAD7-5E16-4E15-9697-5B63C2CA8ED4}.Release|Any CPU.Build.0 = Release|Any CPU
	EndGlobalSection
	GlobalSection(SolutionProperties) = preSolution
		HideSolutionNode = FALSE
	EndGlobalSection
	GlobalSection(ExtensibilityGlobals) = postSolution
		SolutionGuid = {2B116846-FF3E-478F-AD60-44FC2726E0FD}
	EndGlobalSection
EndGlobal
